{
  "name": "exam2209",
  "version": "1.0.0",
  "lockfileVersion": 2,
  "requires": true,
  "packages": {
    "": {
      "name": "exam2209",
      "version": "1.0.0",
      "license": "ISC",
      "dependencies": {
        "@tidyjs/tidy": "^2.5.1",
        "xlsx": "https://cdn.sheetjs.com/xlsx-0.18.12/xlsx-0.18.12.tgz"
      }
    },
    "node_modules/@tidyjs/tidy": {
      "version": "2.5.1",
      "resolved": "https://npm.devops.cndinfo.com/@tidyjs%2ftidy/-/tidy-2.5.1.tgz",
      "integrity": "sha512-T4LFjrkEq/sQjwuxLzbn/klwr2NNl8IFH9xAAGu7/pihR8GKXT9QOOHLEwqcjCi1zKgR6dgkI01DWlndITaAfg==",
      "license": "MIT",
      "dependencies": {
        "d3-array": "^2.9.1",
        "ts-toolbelt": "^8.0.7"
      }
    },
    "node_modules/d3-array": {
      "version": "2.12.1",
      "resolved": "https://npm.devops.cndinfo.com/d3-array/-/d3-array-2.12.1.tgz",
      "integrity": "sha1-4gtBqvzf/fXVCSgATs7PgVpGXoE=",
      "license": "BSD-3-Clause",
      "dependencies": {
        "internmap": "^1.0.0"
      }
    },
    "node_modules/internmap": {
      "version": "1.0.1",
      "resolved": "https://npm.devops.cndinfo.com/internmap/-/internmap-1.0.1.tgz",
      "integrity": "sha1-ABfMijuZYF8DAvKxmNJy4BXl35U=",
      "license": "ISC"
    },
    "node_modules/ts-toolbelt": {
      "version": "8.4.0",
      "resolved": "https://npm.devops.cndinfo.com/ts-toolbelt/-/ts-toolbelt-8.4.0.tgz",
      "integrity": "sha1-r25kuHvj4Jf6xjYAzpVW54VC+ic=",
      "license": "Apache-2.0"
    },
    "node_modules/xlsx": {
      "version": "0.18.12",
      "resolved": "https://cdn.sheetjs.com/xlsx-0.18.12/xlsx-0.18.12.tgz",
      "integrity": "sha512-r2BPq7Gfk9zang+UYmC7fy8rWIN+cJ+xkTRoNc0ftO/ZQe7AHAVyTJoWh89vp6E6u9wymyHL2GlC8IuXRww1ww==",
      "license": "Apache-2.0",
      "bin": {
        "xlsx": "bin/xlsx.njs"
      },
      "engines": {
        "node": ">=0.8"
      }
    }
  },
  "dependencies": {
    "@tidyjs/tidy": {
      "version": "2.5.1",
      "resolved": "https://npm.devops.cndinfo.com/@tidyjs%2ftidy/-/tidy-2.5.1.tgz",
      "integrity": "sha512-T4LFjrkEq/sQjwuxLzbn/klwr2NNl8IFH9xAAGu7/pihR8GKXT9QOOHLEwqcjCi1zKgR6dgkI01DWlndITaAfg==",
      "requires": {
        "d3-array": "^2.9.1",
        "ts-toolbelt": "^8.0.7"
      }
    },
    "d3-array": {
      "version": "2.12.1",
      "resolved": "https://npm.devops.cndinfo.com/d3-array/-/d3-array-2.12.1.tgz",
      "integrity": "sha1-4gtBqvzf/fXVCSgATs7PgVpGXoE=",
      "requires": {
        "internmap": "^1.0.0"
      }
    },
    "internmap": {
      "version": "1.0.1",
      "resolved": "https://npm.devops.cndinfo.com/internmap/-/internmap-1.0.1.tgz",
      "integrity": "sha1-ABfMijuZYF8DAvKxmNJy4BXl35U="
    },
    "ts-toolbelt": {
      "version": "8.4.0",
      "resolved": "https://npm.devops.cndinfo.com/ts-toolbelt/-/ts-toolbelt-8.4.0.tgz",
      "integrity": "sha1-r25kuHvj4Jf6xjYAzpVW54VC+ic="
    },
    "xlsx": {
      "version": "https://cdn.sheetjs.com/xlsx-0.18.12/xlsx-0.18.12.tgz",
      "integrity": "sha512-r2BPq7Gfk9zang+UYmC7fy8rWIN+cJ+xkTRoNc0ftO/ZQe7AHAVyTJoWh89vp6E6u9wymyHL2GlC8IuXRww1ww=="
    }
  }
}
